PODS:
  - InputBarAccessoryView (5.1.0):
    - InputBarAccessoryView/Core (= 5.1.0)
  - InputBarAccessoryView/Core (5.1.0)
  - MessageKit (3.1.0):
    - InputBarAccessoryView

DEPENDENCIES:
  - MessageKit (from `../`)

SPEC REPOS:
  trunk:
    - InputBarAccessoryView

EXTERNAL SOURCES:
  MessageKit:
    :path: "../"

SPEC CHECKSUMS:
  InputBarAccessoryView: 19953f486a23e846e9487099f92bbe3456e46ce5
  MessageKit: 02c99fcd18db2b2504d9887af3a47cf5e81b5365

PODFILE CHECKSUM: 12bcb55472497a5afec285953de709131f524fc9

COCOAPODS: 1.9.3
